// !$*UTF8*$!
{
	archiveVersion = 1;
	classes = {
	};
	objectVersion = 50;
	objects = {

/* Begin PBXBuildFile section */
		182DF4BA25B97C5C0064A3DD /* AppDelegate.swift in Sources */ = {isa = PBXBuildFile; fileRef = 182DF4B925B97C5C0064A3DD /* AppDelegate.swift */; };
		182DF4BC25B97C5C0064A3DD /* SceneDelegate.swift in Sources */ = {isa = PBXBuildFile; fileRef = 182DF4BB25B97C5C0064A3DD /* SceneDelegate.swift */; };
		182DF4BE25B97C5C0064A3DD /* ViewController.swift in Sources */ = {isa = PBXBuildFile; fileRef = 182DF4BD25B97C5C0064A3DD /* ViewController.swift */; };
		182DF4C125B97C5C0064A3DD /* Main.storyboard in Resources */ = {isa = PBXBuildFile; fileRef = 182DF4BF25B97C5C0064A3DD /* Main.storyboard */; };
		182DF4C325B97C5E0064A3DD /* Assets.xcassets in Resources */ = {isa = PBXBuildFile; fileRef = 182DF4C225B97C5E0064A3DD /* Assets.xcassets */; };
		182DF4C625B97C5E0064A3DD /* LaunchScreen.storyboard in Resources */ = {isa = PBXBuildFile; fileRef = 182DF4C425B97C5E0064A3DD /* LaunchScreen.storyboard */; };
		18BD271625B97E580010C39E /* ViewController.swift in Sources */ = {isa = PBXBuildFile; fileRef = 182DF4BD25B97C5C0064A3DD /* ViewController.swift */; };
		18BD271725B97E580010C39E /* AppDelegate.swift in Sources */ = {isa = PBXBuildFile; fileRef = 182DF4B925B97C5C0064A3DD /* AppDelegate.swift */; };
		18BD271825B97E580010C39E /* SceneDelegate.swift in Sources */ = {isa = PBXBuildFile; fileRef = 182DF4BB25B97C5C0064A3DD /* SceneDelegate.swift */; };
		18BD271B25B97E580010C39E /* LaunchScreen.storyboard in Resources */ = {isa = PBXBuildFile; fileRef = 182DF4C425B97C5E0064A3DD /* LaunchScreen.storyboard */; };
		18BD271C25B97E580010C39E /* Assets.xcassets in Resources */ = {isa = PBXBuildFile; fileRef = 182DF4C225B97C5E0064A3DD /* Assets.xcassets */; };
		18BD271D25B97E580010C39E /* Main.storyboard in Resources */ = {isa = PBXBuildFile; fileRef = 182DF4BF25B97C5C0064A3DD /* Main.storyboard */; };
/* End PBXBuildFile section */

/* Begin PBXFileReference section */
		182DF4B625B97C5C0064A3DD /* DemoMultitarget.app */ = {isa = PBXFileReference; explicitFileType = wrapper.application; includeInIndex = 0; path = DemoMultitarget.app; sourceTree = BUILT_PRODUCTS_DIR; };
		182DF4B925B97C5C0064A3DD /* AppDelegate.swift */ = {isa = PBXFileReference; lastKnownFileType = sourcecode.swift; path = AppDelegate.swift; sourceTree = "<group>"; };
		182DF4BB25B97C5C0064A3DD /* SceneDelegate.swift */ = {isa = PBXFileReference; lastKnownFileType = sourcecode.swift; path = SceneDelegate.swift; sourceTree = "<group>"; };
		182DF4BD25B97C5C0064A3DD /* ViewController.swift */ = {isa = PBXFileReference; lastKnownFileType = sourcecode.swift; path = ViewController.swift; sourceTree = "<group>"; };
		182DF4C025B97C5C0064A3DD /* Base */ = {isa = PBXFileReference; lastKnownFileType = file.storyboard; name = Base; path = Base.lproj/Main.storyboard; sourceTree = "<group>"; };
		182DF4C225B97C5E0064A3DD /* Assets.xcassets */ = {isa = PBXFileReference; lastKnownFileType = folder.assetcatalog; path = Assets.xcassets; sourceTree = "<group>"; };
		182DF4C525B97C5E0064A3DD /* Base */ = {isa = PBXFileReference; lastKnownFileType = file.storyboard; name = Base; path = Base.lproj/LaunchScreen.storyboard; sourceTree = "<group>"; };
		182DF4C725B97C5E0064A3DD /* Info.plist */ = {isa = PBXFileReference; lastKnownFileType = text.plist.xml; path = Info.plist; sourceTree = "<group>"; };
		18BD272125B97E580010C39E /* DemoMultitarget dev.app */ = {isa = PBXFileReference; explicitFileType = wrapper.application; includeInIndex = 0; path = "DemoMultitarget dev.app"; sourceTree = BUILT_PRODUCTS_DIR; };
		18BD272225B97E590010C39E /* DemoMultitarget copy-Info.plist */ = {isa = PBXFileReference; lastKnownFileType = text.plist.xml; name = "DemoMultitarget copy-Info.plist"; path = "/Users/apple/Desktop/Project-Swift/DemoMultitarget/DemoMultitarget copy-Info.plist"; sourceTree = "<absolute>"; };
/* End PBXFileReference section */

/* Begin PBXFrameworksBuildPhase section */
		182DF4B325B97C5C0064A3DD /* Frameworks */ = {
			isa = PBXFrameworksBuildPhase;
			buildActionMask = 2147483647;
			files = (
			);
			runOnlyForDeploymentPostprocessing = 0;
		};
		18BD271925B97E580010C39E /* Frameworks */ = {
			isa = PBXFrameworksBuildPhase;
			buildActionMask = 2147483647;
			files = (
			);
			runOnlyForDeploymentPostprocessing = 0;
		};
/* End PBXFrameworksBuildPhase section */

/* Begin PBXGroup section */
		182DF4AD25B97C5C0064A3DD = {
			isa = PBXGroup;
			children = (
				182DF4B825B97C5C0064A3DD /* DemoMultitarget */,
				182DF4B725B97C5C0064A3DD /* Products */,
				18BD272225B97E590010C39E /* DemoMultitarget copy-Info.plist */,
			);
			sourceTree = "<group>";
		};
		182DF4B725B97C5C0064A3DD /* Products */ = {
			isa = PBXGroup;
			children = (
				182DF4B625B97C5C0064A3DD /* DemoMultitarget.app */,
				18BD272125B97E580010C39E /* DemoMultitarget dev.app */,
			);
			name = Products;
			sourceTree = "<group>";
		};
		182DF4B825B97C5C0064A3DD /* DemoMultitarget */ = {
			isa = PBXGroup;
			children = (
				182DF4B925B97C5C0064A3DD /* AppDelegate.swift */,
				182DF4BB25B97C5C0064A3DD /* SceneDelegate.swift */,
				182DF4BD25B97C5C0064A3DD /* ViewController.swift */,
				182DF4BF25B97C5C0064A3DD /* Main.storyboard */,
				182DF4C225B97C5E0064A3DD /* Assets.xcassets */,
				182DF4C425B97C5E0064A3DD /* LaunchScreen.storyboard */,
				182DF4C725B97C5E0064A3DD /* Info.plist */,
			);
			path = DemoMultitarget;
			sourceTree = "<group>";
		};
/* End PBXGroup section */

/* Begin PBXNativeTarget section */
		182DF4B525B97C5C0064A3DD /* DemoMultitarget */ = {
			isa = PBXNativeTarget;
			buildConfigurationList = 182DF4CA25B97C5E0064A3DD /* Build configuration list for PBXNativeTarget "DemoMultitarget" */;
			buildPhases = (
				182DF4B225B97C5C0064A3DD /* Sources */,
				182DF4B325B97C5C0064A3DD /* Frameworks */,
				182DF4B425B97C5C0064A3DD /* Resources */,
			);
			buildRules = (
			);
			dependencies = (
			);
			name = DemoMultitarget;
			productName = DemoMultitarget;
			productReference = 182DF4B625B97C5C0064A3DD /* DemoMultitarget.app */;
			productType = "com.apple.product-type.application";
		};
		18BD271425B97E580010C39E /* DemoMultitarget dev */ = {
			isa = PBXNativeTarget;
			buildConfigurationList = 18BD271E25B97E580010C39E /* Build configuration list for PBXNativeTarget "DemoMultitarget dev" */;
			buildPhases = (
				18BD271525B97E580010C39E /* Sources */,
				18BD271925B97E580010C39E /* Frameworks */,
				18BD271A25B97E580010C39E /* Resources */,
			);
			buildRules = (
			);
			dependencies = (
			);
			name = "DemoMultitarget dev";
			productName = DemoMultitarget;
			productReference = 18BD272125B97E580010C39E /* DemoMultitarget dev.app */;
			productType = "com.apple.product-type.application";
		};
/* End PBXNativeTarget section */

/* Begin PBXProject section */
		182DF4AE25B97C5C0064A3DD /* Project object */ = {
			isa = PBXProject;
			attributes = {
				LastSwiftUpdateCheck = 1230;
				LastUpgradeCheck = 1230;
				TargetAttributes = {
					182DF4B525B97C5C0064A3DD = {
						CreatedOnToolsVersion = 12.3;
					};
				};
			};
			buildConfigurationList = 182DF4B125B97C5C0064A3DD /* Build configuration list for PBXProject "DemoMultitarget" */;
			compatibilityVersion = "Xcode 9.3";
			developmentRegion = en;
			hasScannedForEncodings = 0;
			knownRegions = (
				en,
				Base,
			);
			mainGroup = 182DF4AD25B97C5C0064A3DD;
			productRefGroup = 182DF4B725B97C5C0064A3DD /* Products */;
			projectDirPath = "";
			projectRoot = "";
			targets = (
				182DF4B525B97C5C0064A3DD /* DemoMultitarget */,
				18BD271425B97E580010C39E /* DemoMultitarget dev */,
			);
		};
/* End PBXProject section */

/* Begin PBXResourcesBuildPhase section */
		182DF4B425B97C5C0064A3DD /* Resources */ = {
			isa = PBXResourcesBuildPhase;
			buildActionMask = 2147483647;
			files = (
				182DF4C625B97C5E0064A3DD /* LaunchScreen.storyboard in Resources */,
				182DF4C325B97C5E0064A3DD /* Assets.xcassets in Resources */,
				182DF4C125B97C5C0064A3DD /* Main.storyboard in Resources */,
			);
			runOnlyForDeploymentPostprocessing = 0;
		};
		18BD271A25B97E580010C39E /* Resources */ = {
			isa = PBXResourcesBuildPhase;
			buildActionMask = 2147483647;
			files = (
				18BD271B25B97E580010C39E /* LaunchScreen.storyboard in Resources */,
				18BD271C25B97E580010C39E /* Assets.xcassets in Resources */,
				18BD271D25B97E580010C39E /* Main.storyboard in Resources */,
			);
			runOnlyForDeploymentPostprocessing = 0;
		};
/* End PBXResourcesBuildPhase section */

/* Begin PBXSourcesBuildPhase section */
		182DF4B225B97C5C0064A3DD /* Sources */ = {
			isa = PBXSourcesBuildPhase;
			buildActionMask = 2147483647;
			files = (
				182DF4BE25B97C5C0064A3DD /* ViewController.swift in Sources */,
				182DF4BA25B97C5C0064A3DD /* AppDelegate.swift in Sources */,
				182DF4BC25B97C5C0064A3DD /* SceneDelegate.swift in Sources */,
			);
			runOnlyForDeploymentPostprocessing = 0;
		};
		18BD271525B97E580010C39E /* Sources */ = {
			isa = PBXSourcesBuildPhase;
			buildActionMask = 2147483647;
			files = (
				18BD271625B97E580010C39E /* ViewController.swift in Sources */,
				18BD271725B97E580010C39E /* AppDelegate.swift in Sources */,
				18BD271825B97E580010C39E /* SceneDelegate.swift in Sources */,
			);
			runOnlyForDeploymentPostprocessing = 0;
		};
/* End PBXSourcesBuildPhase section */

/* Begin PBXVariantGroup section */
		182DF4BF25B97C5C0064A3DD /* Main.storyboard */ = {
			isa = PBXVariantGroup;
			children = (
				182DF4C025B97C5C0064A3DD /* Base */,
			);
			name = Main.storyboard;
			sourceTree = "<group>";
		};
		182DF4C425B97C5E0064A3DD /* LaunchScreen.storyboard */ = {
			isa = PBXVariantGroup;
			children = (
				182DF4C525B97C5E0064A3DD /* Base */,
			);
			name = LaunchScreen.storyboard;
			sourceTree = "<group>";
		};
/* End PBXVariantGroup section */

/* Begin XCBuildConfiguration section */
		182DF4C825B97C5E0064A3DD /* Debug */ = {
			isa = XCBuildConfiguration;
			buildSettings = {
				ALWAYS_SEARCH_USER_PATHS = NO;
				CLANG_ANALYZER_NONNULL = YES;
				CLANG_ANALYZER_NUMBER_OBJECT_CONVERSION = YES_AGGRESSIVE;
				CLANG_CXX_LANGUAGE_STANDARD = "gnu++14";
				CLANG_CXX_LIBRARY = "libc++";
				CLANG_ENABLE_MODULES = YES;
				CLANG_ENABLE_OBJC_ARC = YES;
				CLANG_ENABLE_OBJC_WEAK = YES;
				CLANG_WARN_BLOCK_CAPTURE_AUTORELEASING = YES;
				CLANG_WARN_BOOL_CONVERSION = YES;
				CLANG_WARN_COMMA = YES;
				CLANG_WARN_CONSTANT_CONVERSION = YES;
				CLANG_WARN_DEPRECATED_OBJC_IMPLEMENTATIONS = YES;
				CLANG_WARN_DIRECT_OBJC_ISA_USAGE = YES_ERROR;
				CLANG_WARN_DOCUMENTATION_COMMENTS = YES;
				CLANG_WARN_EMPTY_BODY = YES;
				CLANG_WARN_ENUM_CONVERSION = YES;
				CLANG_WARN_INFINITE_RECURSION = YES;
				CLANG_WARN_INT_CONVERSION = YES;
				CLANG_WARN_NON_LITERAL_NULL_CONVERSION = YES;
				CLANG_WARN_OBJC_IMPLICIT_RETAIN_SELF = YES;
				CLANG_WARN_OBJC_LITERAL_CONVERSION = YES;
				CLANG_WARN_OBJC_ROOT_CLASS = YES_ERROR;
				CLANG_WARN_QUOTED_INCLUDE_IN_FRAMEWORK_HEADER = YES;
				CLANG_WARN_RANGE_LOOP_ANALYSIS = YES;
				CLANG_WARN_STRICT_PROTOTYPES = YES;
				CLANG_WARN_SUSPICIOUS_MOVE = YES;
				CLANG_WARN_UNGUARDED_AVAILABILITY = YES_AGGRESSIVE;
				CLANG_WARN_UNREACHABLE_CODE = YES;
				CLANG_WARN__DUPLICATE_METHOD_MATCH = YES;
				COPY_PHASE_STRIP = NO;
				DEBUG_INFORMATION_FORMAT = dwarf;
				ENABLE_STRICT_OBJC_MSGSEND = YES;
				ENABLE_TESTABILITY = YES;
				GCC_C_LANGUAGE_STANDARD = gnu11;
				GCC_DYNAMIC_NO_PIC = NO;
				GCC_NO_COMMON_BLOCKS = YES;
				GCC_OPTIMIZATION_LEVEL = 0;
				GCC_PREPROCESSOR_DEFINITIONS = (
					"DEBUG=1",
					"$(inherited)",
				);
				GCC_WARN_64_TO_32_BIT_CONVERSION = YES;
				GCC_WARN_ABOUT_RETURN_TYPE = YES_ERROR;
				GCC_WARN_UNDECLARED_SELECTOR = YES;
				GCC_WARN_UNINITIALIZED_AUTOS = YES_AGGRESSIVE;
				GCC_WARN_UNUSED_FUNCTION = YES;
				GCC_WARN_UNUSED_VARIABLE = YES;
				IPHONEOS_DEPLOYMENT_TARGET = 13.0;
				MTL_ENABLE_DEBUG_INFO = INCLUDE_SOURCE;
				MTL_FAST_MATH = YES;
				ONLY_ACTIVE_ARCH = YES;
				SDKROOT = iphoneos;
				SWIFT_ACTIVE_COMPILATION_CONDITIONS = DEBUG;
				SWIFT_OPTIMIZATION_LEVEL = "-Onone";
			};
			name = Debug;
		};
		182DF4C925B97C5E0064A3DD /* Release */ = {
			isa = XCBuildConfiguration;
			buildSettings = {
				ALWAYS_SEARCH_USER_PATHS = NO;
				CLANG_ANALYZER_NONNULL = YES;
				CLANG_ANALYZER_NUMBER_OBJECT_CONVERSION = YES_AGGRESSIVE;
				CLANG_CXX_LANGUAGE_STANDARD = "gnu++14";
				CLANG_CXX_LIBRARY = "libc++";
				CLANG_ENABLE_MODULES = YES;
				CLANG_ENABLE_OBJC_ARC = YES;
				CLANG_ENABLE_OBJC_WEAK = YES;
				CLANG_WARN_BLOCK_CAPTURE_AUTORELEASING = YES;
				CLANG_WARN_BOOL_CONVERSION = YES;
				CLANG_WARN_COMMA = YES;
				CLANG_WARN_CONSTANT_CONVERSION = YES;
				CLANG_WARN_DEPRECATED_OBJC_IMPLEMENTATIONS = YES;
				CLANG_WARN_DIRECT_OBJC_ISA_USAGE = YES_ERROR;
				CLANG_WARN_DOCUMENTATION_COMMENTS = YES;
				CLANG_WARN_EMPTY_BODY = YES;
				CLANG_WARN_ENUM_CONVERSION = YES;
				CLANG_WARN_INFINITE_RECURSION = YES;
				CLANG_WARN_INT_CONVERSION = YES;
				CLANG_WARN_NON_LITERAL_NULL_CONVERSION = YES;
				CLANG_WARN_OBJC_IMPLICIT_RETAIN_SELF = YES;
				CLANG_WARN_OBJC_LITERAL_CONVERSION = YES;
				CLANG_WARN_OBJC_ROOT_CLASS = YES_ERROR;
				CLANG_WARN_QUOTED_INCLUDE_IN_FRAMEWORK_HEADER = YES;
				CLANG_WARN_RANGE_LOOP_ANALYSIS = YES;
				CLANG_WARN_STRICT_PROTOTYPES = YES;
				CLANG_WARN_SUSPICIOUS_MOVE = YES;
				CLANG_WARN_UNGUARDED_AVAILABILITY = YES_AGGRESSIVE;
				CLANG_WARN_UNREACHABLE_CODE = YES;
				CLANG_WARN__DUPLICATE_METHOD_MATCH = YES;
				COPY_PHASE_STRIP = NO;
				DEBUG_INFORMATION_FORMAT = "dwarf-with-dsym";
				ENABLE_NS_ASSERTIONS = NO;
				ENABLE_STRICT_OBJC_MSGSEND = YES;
				GCC_C_LANGUAGE_STANDARD = gnu11;
				GCC_NO_COMMON_BLOCKS = YES;
				GCC_WARN_64_TO_32_BIT_CONVERSION = YES;
				GCC_WARN_ABOUT_RETURN_TYPE = YES_ERROR;
				GCC_WARN_UNDECLARED_SELECTOR = YES;
				GCC_WARN_UNINITIALIZED_AUTOS = YES_AGGRESSIVE;
				GCC_WARN_UNUSED_FUNCTION = YES;
				GCC_WARN_UNUSED_VARIABLE = YES;
				IPHONEOS_DEPLOYMENT_TARGET = 13.0;
				MTL_ENABLE_DEBUG_INFO = NO;
				MTL_FAST_MATH = YES;
				SDKROOT = iphoneos;
				SWIFT_COMPILATION_MODE = wholemodule;
				SWIFT_OPTIMIZATION_LEVEL = "-O";
				VALIDATE_PRODUCT = YES;
			};
			name = Release;
		};
		182DF4CB25B97C5E0064A3DD /* Debug */ = {
			isa = XCBuildConfiguration;
			buildSettings = {
				ASSETCATALOG_COMPILER_APPICON_NAME = AppIcon;
				ASSETCATALOG_COMPILER_GLOBAL_ACCENT_COLOR_NAME = AccentColor;
				CODE_SIGN_STYLE = Automatic;
				DEVELOPMENT_TEAM = K5493SYWL5;
				INFOPLIST_FILE = DemoMultitarget/Info.plist;
				LD_RUNPATH_SEARCH_PATHS = (
					"$(inherited)",
					"@executable_path/Frameworks",
				);
				PRODUCT_BUNDLE_IDENTIFIER = patrice.DemoMultitarget;
				PRODUCT_NAME = "$(TARGET_NAME)";
				SWIFT_VERSION = 5.0;
				TARGETED_DEVICE_FAMILY = "1,2";
			};
			name = Debug;
		};
		182DF4CC25B97C5E0064A3DD /* Release */ = {
			isa = XCBuildConfiguration;
			buildSettings = {
				ASSETCATALOG_COMPILER_APPICON_NAME = AppIcon;
				ASSETCATALOG_COMPILER_GLOBAL_ACCENT_COLOR_NAME = AccentColor;
				CODE_SIGN_STYLE = Automatic;
				DEVELOPMENT_TEAM = K5493SYWL5;
				GCC_PREPROCESSOR_DEFINITIONS = (
					DEVELOPMENT,
					"=",
					0,
				);
				INFOPLIST_FILE = DemoMultitarget/Info.plist;
				LD_RUNPATH_SEARCH_PATHS = (
					"$(inherited)",
					"@executable_path/Frameworks",
				);
				PRODUCT_BUNDLE_IDENTIFIER = patrice.DemoMultitarget;
				PRODUCT_NAME = "$(TARGET_NAME)";
				SWIFT_VERSION = 5.0;
				TARGETED_DEVICE_FAMILY = "1,2";
			};
			name = Release;
		};
		18BD271F25B97E580010C39E /* Debug */ = {
			isa = XCBuildConfiguration;
			buildSettings = {
				ASSETCATALOG_COMPILER_APPICON_NAME = AppIcon;
				ASSETCATALOG_COMPILER_GLOBAL_ACCENT_COLOR_NAME = AccentColor;
				CODE_SIGN_STYLE = Automatic;
				DEVELOPMENT_TEAM = K5493SYWL5;
				GCC_PREPROCESSOR_DEFINITIONS = (
					"DEBUG=1",
					DEVELOPMENT,
					"=",
					1,
					"$(inherited)",
				);
				INFOPLIST_FILE = "DemoMultitarget copy-Info.plist";
				LD_RUNPATH_SEARCH_PATHS = (
					"$(inherited)",
					"@executable_path/Frameworks",
				);
				PRODUCT_BUNDLE_IDENTIFIER = patrice.DemoMultitarget;
				PRODUCT_NAME = "$(TARGET_NAME)";
				SWIFT_VERSION = 5.0;
				TARGETED_DEVICE_FAMILY = "1,2";
			};
			name = Debug;
		};
		18BD272025B97E580010C39E /* Release */ = {
			isa = XCBuildConfiguration;
			buildSettings = {
				ASSETCATALOG_COMPILER_APPICON_NAME = AppIcon;
				ASSETCATALOG_COMPILER_GLOBAL_ACCENT_COLOR_NAME = AccentColor;
				CODE_SIGN_STYLE = Automatic;
				DEVELOPMENT_TEAM = K5493SYWL5;
				INFOPLIST_FILE = "DemoMultitarget copy-Info.plist";
				LD_RUNPATH_SEARCH_PATHS = (
					"$(inherited)",
					"@executable_path/Frameworks",
				);
				PRODUCT_BUNDLE_IDENTIFIER = patrice.DemoMultitarget;
				PRODUCT_NAME = "$(TARGET_NAME)";
				SWIFT_VERSION = 5.0;
				TARGETED_DEVICE_FAMILY = "1,2";
			};
			name = Release;
		};
/* End XCBuildConfiguration section */

/* Begin XCConfigurationList section */
		182DF4B125B97C5C0064A3DD /* Build configuration list for PBXProject "DemoMultitarget" */ = {
			isa = XCConfigurationList;
			buildConfigurations = (
				182DF4C825B97C5E0064A3DD /* Debug */,
				182DF4C925B97C5E0064A3DD /* Release */,
			);
			defaultConfigurationIsVisible = 0;
			defaultConfigurationName = Release;
		};
		182DF4CA25B97C5E0064A3DD /* Build configuration list for PBXNativeTarget "DemoMultitarget" */ = {
			isa = XCConfigurationList;
			buildConfigurations = (
				182DF4CB25B97C5E0064A3DD /* Debug */,
				182DF4CC25B97C5E0064A3DD /* Release */,
			);
			defaultConfigurationIsVisible = 0;
			defaultConfigurationName = Release;
		};
		18BD271E25B97E580010C39E /* Build configuration list for PBXNativeTarget "DemoMultitarget dev" */ = {
			isa = XCConfigurationList;
			buildConfigurations = (
				18BD271F25B97E580010C39E /* Debug */,
				18BD272025B97E580010C39E /* Release */,
			);
			defaultConfigurationIsVisible = 0;
			defaultConfigurationName = Release;
		};
/* End XCConfigurationList section */
	};
	rootObject = 182DF4AE25B97C5C0064A3DD /* Project object */;
}
