// !$*UTF8*$!
{
	archiveVersion = 1;
	classes = {
	};
	objectVersion = 52;
	objects = {

/* Begin PBXBuildFile section */
		182D5DE1247CCEE400448241 /* AppDelegate.swift in Sources */ = {isa = PBXBuildFile; fileRef = 182D5DE0247CCEE400448241 /* AppDelegate.swift */; };
		182D5DE3247CCEE400448241 /* SceneDelegate.swift in Sources */ = {isa = PBXBuildFile; fileRef = 182D5DE2247CCEE400448241 /* SceneDelegate.swift */; };
		182D5DEA247CCEE500448241 /* Assets.xcassets in Resources */ = {isa = PBXBuildFile; fileRef = 182D5DE9247CCEE500448241 /* Assets.xcassets */; };
		182D5DED247CCEE500448241 /* LaunchScreen.storyboard in Resources */ = {isa = PBXBuildFile; fileRef = 182D5DEB247CCEE500448241 /* LaunchScreen.storyboard */; };
		182D5DF7247CCF2400448241 /* FirstVC.swift in Sources */ = {isa = PBXBuildFile; fileRef = 182D5DF5247CCF2400448241 /* FirstVC.swift */; };
		182D5DF8247CCF2400448241 /* FirstVC.xib in Resources */ = {isa = PBXBuildFile; fileRef = 182D5DF6247CCF2400448241 /* FirstVC.xib */; };
		182D5DFB247CCF3300448241 /* SecondVC.swift in Sources */ = {isa = PBXBuildFile; fileRef = 182D5DF9247CCF3300448241 /* SecondVC.swift */; };
		182D5DFC247CCF3300448241 /* SecondVC.xib in Resources */ = {isa = PBXBuildFile; fileRef = 182D5DFA247CCF3300448241 /* SecondVC.xib */; };
		182D5DFF247CCFDE00448241 /* ThirdVC.swift in Sources */ = {isa = PBXBuildFile; fileRef = 182D5DFD247CCFDE00448241 /* ThirdVC.swift */; };
		182D5E00247CCFDE00448241 /* ThirdVC.xib in Resources */ = {isa = PBXBuildFile; fileRef = 182D5DFE247CCFDE00448241 /* ThirdVC.xib */; };
		182D5E03247CF2D700448241 /* HomeVC.swift in Sources */ = {isa = PBXBuildFile; fileRef = 182D5E01247CF2D600448241 /* HomeVC.swift */; };
		182D5E04247CF2D700448241 /* HomeVC.xib in Resources */ = {isa = PBXBuildFile; fileRef = 182D5E02247CF2D600448241 /* HomeVC.xib */; };
		1874B26824EF83B4009A2F88 /* MyPackage in Frameworks */ = {isa = PBXBuildFile; productRef = 1874B26724EF83B4009A2F88 /* MyPackage */; };
		1874B26B24EF85A6009A2F88 /* Alamofire in Frameworks */ = {isa = PBXBuildFile; productRef = 1874B26A24EF85A6009A2F88 /* Alamofire */; };
		18A4E02424EE697500F4780E /* VerifyOTP.swift in Sources */ = {isa = PBXBuildFile; fileRef = 18A4E02324EE697400F4780E /* VerifyOTP.swift */; };
/* End PBXBuildFile section */

/* Begin PBXFileReference section */
		182D5DDD247CCEE400448241 /* testDelegate.app */ = {isa = PBXFileReference; explicitFileType = wrapper.application; includeInIndex = 0; path = testDelegate.app; sourceTree = BUILT_PRODUCTS_DIR; };
		182D5DE0247CCEE400448241 /* AppDelegate.swift */ = {isa = PBXFileReference; lastKnownFileType = sourcecode.swift; path = AppDelegate.swift; sourceTree = "<group>"; };
		182D5DE2247CCEE400448241 /* SceneDelegate.swift */ = {isa = PBXFileReference; lastKnownFileType = sourcecode.swift; path = SceneDelegate.swift; sourceTree = "<group>"; };
		182D5DE9247CCEE500448241 /* Assets.xcassets */ = {isa = PBXFileReference; lastKnownFileType = folder.assetcatalog; path = Assets.xcassets; sourceTree = "<group>"; };
		182D5DEC247CCEE500448241 /* Base */ = {isa = PBXFileReference; lastKnownFileType = file.storyboard; name = Base; path = Base.lproj/LaunchScreen.storyboard; sourceTree = "<group>"; };
		182D5DEE247CCEE500448241 /* Info.plist */ = {isa = PBXFileReference; lastKnownFileType = text.plist.xml; path = Info.plist; sourceTree = "<group>"; };
		182D5DF5247CCF2400448241 /* FirstVC.swift */ = {isa = PBXFileReference; lastKnownFileType = sourcecode.swift; path = FirstVC.swift; sourceTree = "<group>"; };
		182D5DF6247CCF2400448241 /* FirstVC.xib */ = {isa = PBXFileReference; lastKnownFileType = file.xib; path = FirstVC.xib; sourceTree = "<group>"; };
		182D5DF9247CCF3300448241 /* SecondVC.swift */ = {isa = PBXFileReference; lastKnownFileType = sourcecode.swift; path = SecondVC.swift; sourceTree = "<group>"; };
		182D5DFA247CCF3300448241 /* SecondVC.xib */ = {isa = PBXFileReference; lastKnownFileType = file.xib; path = SecondVC.xib; sourceTree = "<group>"; };
		182D5DFD247CCFDE00448241 /* ThirdVC.swift */ = {isa = PBXFileReference; lastKnownFileType = sourcecode.swift; path = ThirdVC.swift; sourceTree = "<group>"; };
		182D5DFE247CCFDE00448241 /* ThirdVC.xib */ = {isa = PBXFileReference; lastKnownFileType = file.xib; path = ThirdVC.xib; sourceTree = "<group>"; };
		182D5E01247CF2D600448241 /* HomeVC.swift */ = {isa = PBXFileReference; lastKnownFileType = sourcecode.swift; path = HomeVC.swift; sourceTree = "<group>"; };
		182D5E02247CF2D600448241 /* HomeVC.xib */ = {isa = PBXFileReference; lastKnownFileType = file.xib; path = HomeVC.xib; sourceTree = "<group>"; };
		18A4E02324EE697400F4780E /* VerifyOTP.swift */ = {isa = PBXFileReference; lastKnownFileType = sourcecode.swift; path = VerifyOTP.swift; sourceTree = "<group>"; };
/* End PBXFileReference section */

/* Begin PBXFrameworksBuildPhase section */
		182D5DDA247CCEE400448241 /* Frameworks */ = {
			isa = PBXFrameworksBuildPhase;
			buildActionMask = 2147483647;
			files = (
				1874B26824EF83B4009A2F88 /* MyPackage in Frameworks */,
				1874B26B24EF85A6009A2F88 /* Alamofire in Frameworks */,
			);
			runOnlyForDeploymentPostprocessing = 0;
		};
/* End PBXFrameworksBuildPhase section */

/* Begin PBXGroup section */
		182D5DD4247CCEE300448241 = {
			isa = PBXGroup;
			children = (
				182D5DDF247CCEE400448241 /* testDelegate */,
				182D5DDE247CCEE400448241 /* Products */,
				18C7B39824EED04B00949442 /* Frameworks */,
			);
			sourceTree = "<group>";
		};
		182D5DDE247CCEE400448241 /* Products */ = {
			isa = PBXGroup;
			children = (
				182D5DDD247CCEE400448241 /* testDelegate.app */,
			);
			name = Products;
			sourceTree = "<group>";
		};
		182D5DDF247CCEE400448241 /* testDelegate */ = {
			isa = PBXGroup;
			children = (
				182D5DE0247CCEE400448241 /* AppDelegate.swift */,
				182D5DE2247CCEE400448241 /* SceneDelegate.swift */,
				182D5DE9247CCEE500448241 /* Assets.xcassets */,
				182D5DEB247CCEE500448241 /* LaunchScreen.storyboard */,
				182D5DEE247CCEE500448241 /* Info.plist */,
				182D5E05247CF2FC00448241 /* VC */,
				182D5E01247CF2D600448241 /* HomeVC.swift */,
				182D5E02247CF2D600448241 /* HomeVC.xib */,
				18A4E02324EE697400F4780E /* VerifyOTP.swift */,
			);
			path = testDelegate;
			sourceTree = "<group>";
		};
		182D5E05247CF2FC00448241 /* VC */ = {
			isa = PBXGroup;
			children = (
				182D5DF5247CCF2400448241 /* FirstVC.swift */,
				182D5DF6247CCF2400448241 /* FirstVC.xib */,
				182D5DF9247CCF3300448241 /* SecondVC.swift */,
				182D5DFA247CCF3300448241 /* SecondVC.xib */,
				182D5DFD247CCFDE00448241 /* ThirdVC.swift */,
				182D5DFE247CCFDE00448241 /* ThirdVC.xib */,
			);
			path = VC;
			sourceTree = "<group>";
		};
		18C7B39824EED04B00949442 /* Frameworks */ = {
			isa = PBXGroup;
			children = (
			);
			name = Frameworks;
			sourceTree = "<group>";
		};
/* End PBXGroup section */

/* Begin PBXNativeTarget section */
		182D5DDC247CCEE400448241 /* testDelegate */ = {
			isa = PBXNativeTarget;
			buildConfigurationList = 182D5DF1247CCEE500448241 /* Build configuration list for PBXNativeTarget "testDelegate" */;
			buildPhases = (
				182D5DD9247CCEE400448241 /* Sources */,
				182D5DDA247CCEE400448241 /* Frameworks */,
				182D5DDB247CCEE400448241 /* Resources */,
			);
			buildRules = (
			);
			dependencies = (
			);
			name = testDelegate;
			packageProductDependencies = (
				1874B26724EF83B4009A2F88 /* MyPackage */,
				1874B26A24EF85A6009A2F88 /* Alamofire */,
			);
			productName = testDelegate;
			productReference = 182D5DDD247CCEE400448241 /* testDelegate.app */;
			productType = "com.apple.product-type.application";
		};
/* End PBXNativeTarget section */

/* Begin PBXProject section */
		182D5DD5247CCEE300448241 /* Project object */ = {
			isa = PBXProject;
			attributes = {
				LastSwiftUpdateCheck = 1150;
				LastUpgradeCheck = 1150;
				ORGANIZATIONNAME = vinova;
				TargetAttributes = {
					182D5DDC247CCEE400448241 = {
						CreatedOnToolsVersion = 11.5;
					};
				};
			};
			buildConfigurationList = 182D5DD8247CCEE300448241 /* Build configuration list for PBXProject "testDelegate" */;
			compatibilityVersion = "Xcode 9.3";
			developmentRegion = en;
			hasScannedForEncodings = 0;
			knownRegions = (
				en,
				Base,
			);
			mainGroup = 182D5DD4247CCEE300448241;
			packageReferences = (
				1874B26624EF83B4009A2F88 /* XCRemoteSwiftPackageReference "MyPackage" */,
				1874B26924EF85A6009A2F88 /* XCRemoteSwiftPackageReference "Alamofire" */,
			);
			productRefGroup = 182D5DDE247CCEE400448241 /* Products */;
			projectDirPath = "";
			projectRoot = "";
			targets = (
				182D5DDC247CCEE400448241 /* testDelegate */,
			);
		};
/* End PBXProject section */

/* Begin PBXResourcesBuildPhase section */
		182D5DDB247CCEE400448241 /* Resources */ = {
			isa = PBXResourcesBuildPhase;
			buildActionMask = 2147483647;
			files = (
				182D5DED247CCEE500448241 /* LaunchScreen.storyboard in Resources */,
				182D5E04247CF2D700448241 /* HomeVC.xib in Resources */,
				182D5DEA247CCEE500448241 /* Assets.xcassets in Resources */,
				182D5DFC247CCF3300448241 /* SecondVC.xib in Resources */,
				182D5DF8247CCF2400448241 /* FirstVC.xib in Resources */,
				182D5E00247CCFDE00448241 /* ThirdVC.xib in Resources */,
			);
			runOnlyForDeploymentPostprocessing = 0;
		};
/* End PBXResourcesBuildPhase section */

/* Begin PBXSourcesBuildPhase section */
		182D5DD9247CCEE400448241 /* Sources */ = {
			isa = PBXSourcesBuildPhase;
			buildActionMask = 2147483647;
			files = (
				182D5DE1247CCEE400448241 /* AppDelegate.swift in Sources */,
				182D5DF7247CCF2400448241 /* FirstVC.swift in Sources */,
				18A4E02424EE697500F4780E /* VerifyOTP.swift in Sources */,
				182D5DFB247CCF3300448241 /* SecondVC.swift in Sources */,
				182D5E03247CF2D700448241 /* HomeVC.swift in Sources */,
				182D5DE3247CCEE400448241 /* SceneDelegate.swift in Sources */,
				182D5DFF247CCFDE00448241 /* ThirdVC.swift in Sources */,
			);
			runOnlyForDeploymentPostprocessing = 0;
		};
/* End PBXSourcesBuildPhase section */

/* Begin PBXVariantGroup section */
		182D5DEB247CCEE500448241 /* LaunchScreen.storyboard */ = {
			isa = PBXVariantGroup;
			children = (
				182D5DEC247CCEE500448241 /* Base */,
			);
			name = LaunchScreen.storyboard;
			sourceTree = "<group>";
		};
/* End PBXVariantGroup section */

/* Begin XCBuildConfiguration section */
		182D5DEF247CCEE500448241 /* Debug */ = {
			isa = XCBuildConfiguration;
			buildSettings = {
				ALWAYS_SEARCH_USER_PATHS = NO;
				CLANG_ANALYZER_NONNULL = YES;
				CLANG_ANALYZER_NUMBER_OBJECT_CONVERSION = YES_AGGRESSIVE;
				CLANG_CXX_LANGUAGE_STANDARD = "gnu++14";
				CLANG_CXX_LIBRARY = "libc++";
				CLANG_ENABLE_MODULES = YES;
				CLANG_ENABLE_OBJC_ARC = YES;
				CLANG_ENABLE_OBJC_WEAK = YES;
				CLANG_WARN_BLOCK_CAPTURE_AUTORELEASING = YES;
				CLANG_WARN_BOOL_CONVERSION = YES;
				CLANG_WARN_COMMA = YES;
				CLANG_WARN_CONSTANT_CONVERSION = YES;
				CLANG_WARN_DEPRECATED_OBJC_IMPLEMENTATIONS = YES;
				CLANG_WARN_DIRECT_OBJC_ISA_USAGE = YES_ERROR;
				CLANG_WARN_DOCUMENTATION_COMMENTS = YES;
				CLANG_WARN_EMPTY_BODY = YES;
				CLANG_WARN_ENUM_CONVERSION = YES;
				CLANG_WARN_INFINITE_RECURSION = YES;
				CLANG_WARN_INT_CONVERSION = YES;
				CLANG_WARN_NON_LITERAL_NULL_CONVERSION = YES;
				CLANG_WARN_OBJC_IMPLICIT_RETAIN_SELF = YES;
				CLANG_WARN_OBJC_LITERAL_CONVERSION = YES;
				CLANG_WARN_OBJC_ROOT_CLASS = YES_ERROR;
				CLANG_WARN_RANGE_LOOP_ANALYSIS = YES;
				CLANG_WARN_STRICT_PROTOTYPES = YES;
				CLANG_WARN_SUSPICIOUS_MOVE = YES;
				CLANG_WARN_UNGUARDED_AVAILABILITY = YES_AGGRESSIVE;
				CLANG_WARN_UNREACHABLE_CODE = YES;
				CLANG_WARN__DUPLICATE_METHOD_MATCH = YES;
				COPY_PHASE_STRIP = NO;
				DEBUG_INFORMATION_FORMAT = dwarf;
				ENABLE_STRICT_OBJC_MSGSEND = YES;
				ENABLE_TESTABILITY = YES;
				GCC_C_LANGUAGE_STANDARD = gnu11;
				GCC_DYNAMIC_NO_PIC = NO;
				GCC_NO_COMMON_BLOCKS = YES;
				GCC_OPTIMIZATION_LEVEL = 0;
				GCC_PREPROCESSOR_DEFINITIONS = (
					"DEBUG=1",
					"$(inherited)",
				);
				GCC_WARN_64_TO_32_BIT_CONVERSION = YES;
				GCC_WARN_ABOUT_RETURN_TYPE = YES_ERROR;
				GCC_WARN_UNDECLARED_SELECTOR = YES;
				GCC_WARN_UNINITIALIZED_AUTOS = YES_AGGRESSIVE;
				GCC_WARN_UNUSED_FUNCTION = YES;
				GCC_WARN_UNUSED_VARIABLE = YES;
				IPHONEOS_DEPLOYMENT_TARGET = 13.5;
				MTL_ENABLE_DEBUG_INFO = INCLUDE_SOURCE;
				MTL_FAST_MATH = YES;
				ONLY_ACTIVE_ARCH = YES;
				SDKROOT = iphoneos;
				SWIFT_ACTIVE_COMPILATION_CONDITIONS = DEBUG;
				SWIFT_OPTIMIZATION_LEVEL = "-Onone";
			};
			name = Debug;
		};
		182D5DF0247CCEE500448241 /* Release */ = {
			isa = XCBuildConfiguration;
			buildSettings = {
				ALWAYS_SEARCH_USER_PATHS = NO;
				CLANG_ANALYZER_NONNULL = YES;
				CLANG_ANALYZER_NUMBER_OBJECT_CONVERSION = YES_AGGRESSIVE;
				CLANG_CXX_LANGUAGE_STANDARD = "gnu++14";
				CLANG_CXX_LIBRARY = "libc++";
				CLANG_ENABLE_MODULES = YES;
				CLANG_ENABLE_OBJC_ARC = YES;
				CLANG_ENABLE_OBJC_WEAK = YES;
				CLANG_WARN_BLOCK_CAPTURE_AUTORELEASING = YES;
				CLANG_WARN_BOOL_CONVERSION = YES;
				CLANG_WARN_COMMA = YES;
				CLANG_WARN_CONSTANT_CONVERSION = YES;
				CLANG_WARN_DEPRECATED_OBJC_IMPLEMENTATIONS = YES;
				CLANG_WARN_DIRECT_OBJC_ISA_USAGE = YES_ERROR;
				CLANG_WARN_DOCUMENTATION_COMMENTS = YES;
				CLANG_WARN_EMPTY_BODY = YES;
				CLANG_WARN_ENUM_CONVERSION = YES;
				CLANG_WARN_INFINITE_RECURSION = YES;
				CLANG_WARN_INT_CONVERSION = YES;
				CLANG_WARN_NON_LITERAL_NULL_CONVERSION = YES;
				CLANG_WARN_OBJC_IMPLICIT_RETAIN_SELF = YES;
				CLANG_WARN_OBJC_LITERAL_CONVERSION = YES;
				CLANG_WARN_OBJC_ROOT_CLASS = YES_ERROR;
				CLANG_WARN_RANGE_LOOP_ANALYSIS = YES;
				CLANG_WARN_STRICT_PROTOTYPES = YES;
				CLANG_WARN_SUSPICIOUS_MOVE = YES;
				CLANG_WARN_UNGUARDED_AVAILABILITY = YES_AGGRESSIVE;
				CLANG_WARN_UNREACHABLE_CODE = YES;
				CLANG_WARN__DUPLICATE_METHOD_MATCH = YES;
				COPY_PHASE_STRIP = NO;
				DEBUG_INFORMATION_FORMAT = "dwarf-with-dsym";
				ENABLE_NS_ASSERTIONS = NO;
				ENABLE_STRICT_OBJC_MSGSEND = YES;
				GCC_C_LANGUAGE_STANDARD = gnu11;
				GCC_NO_COMMON_BLOCKS = YES;
				GCC_WARN_64_TO_32_BIT_CONVERSION = YES;
				GCC_WARN_ABOUT_RETURN_TYPE = YES_ERROR;
				GCC_WARN_UNDECLARED_SELECTOR = YES;
				GCC_WARN_UNINITIALIZED_AUTOS = YES_AGGRESSIVE;
				GCC_WARN_UNUSED_FUNCTION = YES;
				GCC_WARN_UNUSED_VARIABLE = YES;
				IPHONEOS_DEPLOYMENT_TARGET = 13.5;
				MTL_ENABLE_DEBUG_INFO = NO;
				MTL_FAST_MATH = YES;
				SDKROOT = iphoneos;
				SWIFT_COMPILATION_MODE = wholemodule;
				SWIFT_OPTIMIZATION_LEVEL = "-O";
				VALIDATE_PRODUCT = YES;
			};
			name = Release;
		};
		182D5DF2247CCEE500448241 /* Debug */ = {
			isa = XCBuildConfiguration;
			buildSettings = {
				ASSETCATALOG_COMPILER_APPICON_NAME = AppIcon;
				CODE_SIGN_STYLE = Automatic;
				INFOPLIST_FILE = testDelegate/Info.plist;
				LD_RUNPATH_SEARCH_PATHS = (
					"$(inherited)",
					"@executable_path/Frameworks",
				);
				PRODUCT_BUNDLE_IDENTIFIER = patrice.testDelegate;
				PRODUCT_NAME = "$(TARGET_NAME)";
				SWIFT_VERSION = 5.0;
				TARGETED_DEVICE_FAMILY = "1,2";
			};
			name = Debug;
		};
		182D5DF3247CCEE500448241 /* Release */ = {
			isa = XCBuildConfiguration;
			buildSettings = {
				ASSETCATALOG_COMPILER_APPICON_NAME = AppIcon;
				CODE_SIGN_STYLE = Automatic;
				INFOPLIST_FILE = testDelegate/Info.plist;
				LD_RUNPATH_SEARCH_PATHS = (
					"$(inherited)",
					"@executable_path/Frameworks",
				);
				PRODUCT_BUNDLE_IDENTIFIER = patrice.testDelegate;
				PRODUCT_NAME = "$(TARGET_NAME)";
				SWIFT_VERSION = 5.0;
				TARGETED_DEVICE_FAMILY = "1,2";
			};
			name = Release;
		};
/* End XCBuildConfiguration section */

/* Begin XCConfigurationList section */
		182D5DD8247CCEE300448241 /* Build configuration list for PBXProject "testDelegate" */ = {
			isa = XCConfigurationList;
			buildConfigurations = (
				182D5DEF247CCEE500448241 /* Debug */,
				182D5DF0247CCEE500448241 /* Release */,
			);
			defaultConfigurationIsVisible = 0;
			defaultConfigurationName = Release;
		};
		182D5DF1247CCEE500448241 /* Build configuration list for PBXNativeTarget "testDelegate" */ = {
			isa = XCConfigurationList;
			buildConfigurations = (
				182D5DF2247CCEE500448241 /* Debug */,
				182D5DF3247CCEE500448241 /* Release */,
			);
			defaultConfigurationIsVisible = 0;
			defaultConfigurationName = Release;
		};
/* End XCConfigurationList section */

/* Begin XCRemoteSwiftPackageReference section */
		1874B26624EF83B4009A2F88 /* XCRemoteSwiftPackageReference "MyPackage" */ = {
			isa = XCRemoteSwiftPackageReference;
			repositoryURL = "https://github.com/PatriceVang/MyPackage.git";
			requirement = {
				kind = upToNextMajorVersion;
				minimumVersion = 1.0.2;
			};
		};
		1874B26924EF85A6009A2F88 /* XCRemoteSwiftPackageReference "Alamofire" */ = {
			isa = XCRemoteSwiftPackageReference;
			repositoryURL = "https://github.com/Alamofire/Alamofire.git";
			requirement = {
				kind = upToNextMajorVersion;
				minimumVersion = 5.2.2;
			};
		};
/* End XCRemoteSwiftPackageReference section */

/* Begin XCSwiftPackageProductDependency section */
		1874B26724EF83B4009A2F88 /* MyPackage */ = {
			isa = XCSwiftPackageProductDependency;
			package = 1874B26624EF83B4009A2F88 /* XCRemoteSwiftPackageReference "MyPackage" */;
			productName = MyPackage;
		};
		1874B26A24EF85A6009A2F88 /* Alamofire */ = {
			isa = XCSwiftPackageProductDependency;
			package = 1874B26924EF85A6009A2F88 /* XCRemoteSwiftPackageReference "Alamofire" */;
			productName = Alamofire;
		};
/* End XCSwiftPackageProductDependency section */
	};
	rootObject = 182D5DD5247CCEE300448241 /* Project object */;
}
