// !$*UTF8*$!
{
	archiveVersion = 1;
	classes = {
	};
	objectVersion = 51;
	objects = {

/* Begin PBXBuildFile section */
		1852924A27D5BA7F0046D5EF /* HomeRequest.swift in Sources */ = {isa = PBXBuildFile; fileRef = 1852924927D5BA7F0046D5EF /* HomeRequest.swift */; };
		1852924D27D5BA8C0046D5EF /* HomeService.swift in Sources */ = {isa = PBXBuildFile; fileRef = 1852924C27D5BA8C0046D5EF /* HomeService.swift */; };
		1852925227D5BB950046D5EF /* HomeLayout.swift in Sources */ = {isa = PBXBuildFile; fileRef = 1852925127D5BB950046D5EF /* HomeLayout.swift */; };
		1852925727D5BEFB0046D5EF /* ApiError.swift in Sources */ = {isa = PBXBuildFile; fileRef = 1852925627D5BEFB0046D5EF /* ApiError.swift */; };
		18A1A22B272968D300E19706 /* NetworkingSwiftUIApp.swift in Sources */ = {isa = PBXBuildFile; fileRef = 18A1A22A272968D300E19706 /* NetworkingSwiftUIApp.swift */; };
		18A1A22F272968D600E19706 /* Assets.xcassets in Resources */ = {isa = PBXBuildFile; fileRef = 18A1A22E272968D600E19706 /* Assets.xcassets */; };
		18A1A232272968D600E19706 /* Preview Assets.xcassets in Resources */ = {isa = PBXBuildFile; fileRef = 18A1A231272968D600E19706 /* Preview Assets.xcassets */; };
		18A1A256272969C700E19706 /* ApiService.swift in Sources */ = {isa = PBXBuildFile; fileRef = 18A1A255272969C700E19706 /* ApiService.swift */; };
		18A1A259272969D000E19706 /* BaseUrl.swift in Sources */ = {isa = PBXBuildFile; fileRef = 18A1A258272969D000E19706 /* BaseUrl.swift */; };
		18AEBF9027CF1EA400180502 /* ApiRequest.swift in Sources */ = {isa = PBXBuildFile; fileRef = 18AEBF8F27CF1EA400180502 /* ApiRequest.swift */; };
		18AEBF9727CF227900180502 /* ApiResponse.swift in Sources */ = {isa = PBXBuildFile; fileRef = 18AEBF9627CF227900180502 /* ApiResponse.swift */; };
		18AEBF9B27CF273800180502 /* ReviewRequest.swift in Sources */ = {isa = PBXBuildFile; fileRef = 18AEBF9A27CF273800180502 /* ReviewRequest.swift */; };
		18AEBFA327CF474B00180502 /* Header.swift in Sources */ = {isa = PBXBuildFile; fileRef = 18AEBFA227CF474B00180502 /* Header.swift */; };
		18AEBFA827CF51A500180502 /* ReviewService.swift in Sources */ = {isa = PBXBuildFile; fileRef = 18AEBFA727CF51A500180502 /* ReviewService.swift */; };
		18AEBFAB27CF521300180502 /* RatingDetail.swift in Sources */ = {isa = PBXBuildFile; fileRef = 18AEBFAA27CF521300180502 /* RatingDetail.swift */; };
		18AEBFAE27CF60DC00180502 /* UserRating.swift in Sources */ = {isa = PBXBuildFile; fileRef = 18AEBFAD27CF60DC00180502 /* UserRating.swift */; };
		18AEBFBB27CF7F9C00180502 /* MainScreen.swift in Sources */ = {isa = PBXBuildFile; fileRef = 18AEBFBA27CF7F9C00180502 /* MainScreen.swift */; };
		18AEBFBE27CF835800180502 /* ViewModel.swift in Sources */ = {isa = PBXBuildFile; fileRef = 18AEBFBD27CF835800180502 /* ViewModel.swift */; };
		E2CE0318EA15C4723541FAB8 /* Pods_NetworkingSwiftUI.framework in Frameworks */ = {isa = PBXBuildFile; fileRef = 0F75B76C86A1469AA4C3E6D5 /* Pods_NetworkingSwiftUI.framework */; };
/* End PBXBuildFile section */

/* Begin PBXFileReference section */
		0F75B76C86A1469AA4C3E6D5 /* Pods_NetworkingSwiftUI.framework */ = {isa = PBXFileReference; explicitFileType = wrapper.framework; includeInIndex = 0; path = Pods_NetworkingSwiftUI.framework; sourceTree = BUILT_PRODUCTS_DIR; };
		1852924927D5BA7F0046D5EF /* HomeRequest.swift */ = {isa = PBXFileReference; lastKnownFileType = sourcecode.swift; path = HomeRequest.swift; sourceTree = "<group>"; };
		1852924C27D5BA8C0046D5EF /* HomeService.swift */ = {isa = PBXFileReference; lastKnownFileType = sourcecode.swift; path = HomeService.swift; sourceTree = "<group>"; };
		1852925127D5BB950046D5EF /* HomeLayout.swift */ = {isa = PBXFileReference; lastKnownFileType = sourcecode.swift; path = HomeLayout.swift; sourceTree = "<group>"; };
		1852925627D5BEFB0046D5EF /* ApiError.swift */ = {isa = PBXFileReference; lastKnownFileType = sourcecode.swift; path = ApiError.swift; sourceTree = "<group>"; };
		18A1A227272968D300E19706 /* NetworkingSwiftUI.app */ = {isa = PBXFileReference; explicitFileType = wrapper.application; includeInIndex = 0; path = NetworkingSwiftUI.app; sourceTree = BUILT_PRODUCTS_DIR; };
		18A1A22A272968D300E19706 /* NetworkingSwiftUIApp.swift */ = {isa = PBXFileReference; lastKnownFileType = sourcecode.swift; path = NetworkingSwiftUIApp.swift; sourceTree = "<group>"; };
		18A1A22E272968D600E19706 /* Assets.xcassets */ = {isa = PBXFileReference; lastKnownFileType = folder.assetcatalog; path = Assets.xcassets; sourceTree = "<group>"; };
		18A1A231272968D600E19706 /* Preview Assets.xcassets */ = {isa = PBXFileReference; lastKnownFileType = folder.assetcatalog; path = "Preview Assets.xcassets"; sourceTree = "<group>"; };
		18A1A233272968D600E19706 /* Info.plist */ = {isa = PBXFileReference; lastKnownFileType = text.plist.xml; path = Info.plist; sourceTree = "<group>"; };
		18A1A255272969C700E19706 /* ApiService.swift */ = {isa = PBXFileReference; lastKnownFileType = sourcecode.swift; path = ApiService.swift; sourceTree = "<group>"; };
		18A1A258272969D000E19706 /* BaseUrl.swift */ = {isa = PBXFileReference; lastKnownFileType = sourcecode.swift; path = BaseUrl.swift; sourceTree = "<group>"; };
		18AEBF8F27CF1EA400180502 /* ApiRequest.swift */ = {isa = PBXFileReference; lastKnownFileType = sourcecode.swift; path = ApiRequest.swift; sourceTree = "<group>"; };
		18AEBF9627CF227900180502 /* ApiResponse.swift */ = {isa = PBXFileReference; lastKnownFileType = sourcecode.swift; path = ApiResponse.swift; sourceTree = "<group>"; };
		18AEBF9A27CF273800180502 /* ReviewRequest.swift */ = {isa = PBXFileReference; lastKnownFileType = sourcecode.swift; path = ReviewRequest.swift; sourceTree = "<group>"; };
		18AEBFA227CF474B00180502 /* Header.swift */ = {isa = PBXFileReference; lastKnownFileType = sourcecode.swift; path = Header.swift; sourceTree = "<group>"; };
		18AEBFA727CF51A500180502 /* ReviewService.swift */ = {isa = PBXFileReference; lastKnownFileType = sourcecode.swift; path = ReviewService.swift; sourceTree = "<group>"; };
		18AEBFAA27CF521300180502 /* RatingDetail.swift */ = {isa = PBXFileReference; lastKnownFileType = sourcecode.swift; path = RatingDetail.swift; sourceTree = "<group>"; };
		18AEBFAD27CF60DC00180502 /* UserRating.swift */ = {isa = PBXFileReference; lastKnownFileType = sourcecode.swift; path = UserRating.swift; sourceTree = "<group>"; };
		18AEBFBA27CF7F9C00180502 /* MainScreen.swift */ = {isa = PBXFileReference; lastKnownFileType = sourcecode.swift; path = MainScreen.swift; sourceTree = "<group>"; };
		18AEBFBD27CF835800180502 /* ViewModel.swift */ = {isa = PBXFileReference; lastKnownFileType = sourcecode.swift; path = ViewModel.swift; sourceTree = "<group>"; };
		2E686783451F907B11ED0B70 /* Pods-NetworkingSwiftUI.debug.xcconfig */ = {isa = PBXFileReference; includeInIndex = 1; lastKnownFileType = text.xcconfig; name = "Pods-NetworkingSwiftUI.debug.xcconfig"; path = "Target Support Files/Pods-NetworkingSwiftUI/Pods-NetworkingSwiftUI.debug.xcconfig"; sourceTree = "<group>"; };
		FFF13E10076356AFA4B4F33B /* Pods-NetworkingSwiftUI.release.xcconfig */ = {isa = PBXFileReference; includeInIndex = 1; lastKnownFileType = text.xcconfig; name = "Pods-NetworkingSwiftUI.release.xcconfig"; path = "Target Support Files/Pods-NetworkingSwiftUI/Pods-NetworkingSwiftUI.release.xcconfig"; sourceTree = "<group>"; };
/* End PBXFileReference section */

/* Begin PBXFrameworksBuildPhase section */
		18A1A224272968D300E19706 /* Frameworks */ = {
			isa = PBXFrameworksBuildPhase;
			buildActionMask = 2147483647;
			files = (
				E2CE0318EA15C4723541FAB8 /* Pods_NetworkingSwiftUI.framework in Frameworks */,
			);
			runOnlyForDeploymentPostprocessing = 0;
		};
/* End PBXFrameworksBuildPhase section */

/* Begin PBXGroup section */
		15785F51AE913FDB0088CAC9 /* Frameworks */ = {
			isa = PBXGroup;
			children = (
				0F75B76C86A1469AA4C3E6D5 /* Pods_NetworkingSwiftUI.framework */,
			);
			name = Frameworks;
			sourceTree = "<group>";
		};
		1852924727D5BA560046D5EF /* HomeAPI */ = {
			isa = PBXGroup;
			children = (
				1852924927D5BA7F0046D5EF /* HomeRequest.swift */,
				1852924C27D5BA8C0046D5EF /* HomeService.swift */,
			);
			path = HomeAPI;
			sourceTree = "<group>";
		};
		1852924F27D5BB760046D5EF /* Review */ = {
			isa = PBXGroup;
			children = (
				18AEBFAA27CF521300180502 /* RatingDetail.swift */,
				18AEBFAD27CF60DC00180502 /* UserRating.swift */,
			);
			path = Review;
			sourceTree = "<group>";
		};
		1852925027D5BB840046D5EF /* Home */ = {
			isa = PBXGroup;
			children = (
				1852925127D5BB950046D5EF /* HomeLayout.swift */,
			);
			path = Home;
			sourceTree = "<group>";
		};
		18A1A21E272968D300E19706 = {
			isa = PBXGroup;
			children = (
				18A1A229272968D300E19706 /* NetworkingSwiftUI */,
				18A1A228272968D300E19706 /* Products */,
				DFBD3F7181E7C9BB24CD74C6 /* Pods */,
				15785F51AE913FDB0088CAC9 /* Frameworks */,
			);
			sourceTree = "<group>";
		};
		18A1A228272968D300E19706 /* Products */ = {
			isa = PBXGroup;
			children = (
				18A1A227272968D300E19706 /* NetworkingSwiftUI.app */,
			);
			name = Products;
			sourceTree = "<group>";
		};
		18A1A229272968D300E19706 /* NetworkingSwiftUI */ = {
			isa = PBXGroup;
			children = (
				18A1A23C272968ED00E19706 /* Screens */,
				18A1A23B272968E500E19706 /* Model */,
				18A1A23A272968DC00E19706 /* Network */,
				18A1A22A272968D300E19706 /* NetworkingSwiftUIApp.swift */,
				18A1A22E272968D600E19706 /* Assets.xcassets */,
				18A1A233272968D600E19706 /* Info.plist */,
				18A1A230272968D600E19706 /* Preview Content */,
			);
			path = NetworkingSwiftUI;
			sourceTree = "<group>";
		};
		18A1A230272968D600E19706 /* Preview Content */ = {
			isa = PBXGroup;
			children = (
				18A1A231272968D600E19706 /* Preview Assets.xcassets */,
			);
			path = "Preview Content";
			sourceTree = "<group>";
		};
		18A1A23A272968DC00E19706 /* Network */ = {
			isa = PBXGroup;
			children = (
				18A1A24D2729698700E19706 /* Manager */,
				1852924727D5BA560046D5EF /* HomeAPI */,
				18AEBF9927CF272600180502 /* ReviewAPI */,
			);
			path = Network;
			sourceTree = "<group>";
		};
		18A1A23B272968E500E19706 /* Model */ = {
			isa = PBXGroup;
			children = (
				1852925027D5BB840046D5EF /* Home */,
				1852924F27D5BB760046D5EF /* Review */,
			);
			path = Model;
			sourceTree = "<group>";
		};
		18A1A23C272968ED00E19706 /* Screens */ = {
			isa = PBXGroup;
			children = (
				18AEBFBA27CF7F9C00180502 /* MainScreen.swift */,
				18AEBFBD27CF835800180502 /* ViewModel.swift */,
			);
			path = Screens;
			sourceTree = "<group>";
		};
		18A1A24D2729698700E19706 /* Manager */ = {
			isa = PBXGroup;
			children = (
				18A1A255272969C700E19706 /* ApiService.swift */,
				18AEBF8F27CF1EA400180502 /* ApiRequest.swift */,
				18AEBF9627CF227900180502 /* ApiResponse.swift */,
				1852925627D5BEFB0046D5EF /* ApiError.swift */,
				18AEBFA227CF474B00180502 /* Header.swift */,
				18A1A258272969D000E19706 /* BaseUrl.swift */,
			);
			path = Manager;
			sourceTree = "<group>";
		};
		18AEBF9927CF272600180502 /* ReviewAPI */ = {
			isa = PBXGroup;
			children = (
				18AEBF9A27CF273800180502 /* ReviewRequest.swift */,
				18AEBFA727CF51A500180502 /* ReviewService.swift */,
			);
			path = ReviewAPI;
			sourceTree = "<group>";
		};
		DFBD3F7181E7C9BB24CD74C6 /* Pods */ = {
			isa = PBXGroup;
			children = (
				2E686783451F907B11ED0B70 /* Pods-NetworkingSwiftUI.debug.xcconfig */,
				FFF13E10076356AFA4B4F33B /* Pods-NetworkingSwiftUI.release.xcconfig */,
			);
			path = Pods;
			sourceTree = "<group>";
		};
/* End PBXGroup section */

/* Begin PBXNativeTarget section */
		18A1A226272968D300E19706 /* NetworkingSwiftUI */ = {
			isa = PBXNativeTarget;
			buildConfigurationList = 18A1A236272968D600E19706 /* Build configuration list for PBXNativeTarget "NetworkingSwiftUI" */;
			buildPhases = (
				4C342AFD24B95ABF3EA907B1 /* [CP] Check Pods Manifest.lock */,
				18A1A223272968D300E19706 /* Sources */,
				18A1A224272968D300E19706 /* Frameworks */,
				18A1A225272968D300E19706 /* Resources */,
				11F96D86F0FDB1943AB58C3A /* [CP] Embed Pods Frameworks */,
			);
			buildRules = (
			);
			dependencies = (
			);
			name = NetworkingSwiftUI;
			productName = NetworkingSwiftUI;
			productReference = 18A1A227272968D300E19706 /* NetworkingSwiftUI.app */;
			productType = "com.apple.product-type.application";
		};
/* End PBXNativeTarget section */

/* Begin PBXProject section */
		18A1A21F272968D300E19706 /* Project object */ = {
			isa = PBXProject;
			attributes = {
				LastSwiftUpdateCheck = 1240;
				LastUpgradeCheck = 1240;
				TargetAttributes = {
					18A1A226272968D300E19706 = {
						CreatedOnToolsVersion = 12.4;
					};
				};
			};
			buildConfigurationList = 18A1A222272968D300E19706 /* Build configuration list for PBXProject "NetworkingSwiftUI" */;
			compatibilityVersion = "Xcode 9.3";
			developmentRegion = en;
			hasScannedForEncodings = 0;
			knownRegions = (
				en,
				Base,
			);
			mainGroup = 18A1A21E272968D300E19706;
			productRefGroup = 18A1A228272968D300E19706 /* Products */;
			projectDirPath = "";
			projectRoot = "";
			targets = (
				18A1A226272968D300E19706 /* NetworkingSwiftUI */,
			);
		};
/* End PBXProject section */

/* Begin PBXResourcesBuildPhase section */
		18A1A225272968D300E19706 /* Resources */ = {
			isa = PBXResourcesBuildPhase;
			buildActionMask = 2147483647;
			files = (
				18A1A232272968D600E19706 /* Preview Assets.xcassets in Resources */,
				18A1A22F272968D600E19706 /* Assets.xcassets in Resources */,
			);
			runOnlyForDeploymentPostprocessing = 0;
		};
/* End PBXResourcesBuildPhase section */

/* Begin PBXShellScriptBuildPhase section */
		11F96D86F0FDB1943AB58C3A /* [CP] Embed Pods Frameworks */ = {
			isa = PBXShellScriptBuildPhase;
			buildActionMask = 2147483647;
			files = (
			);
			inputFileListPaths = (
				"${PODS_ROOT}/Target Support Files/Pods-NetworkingSwiftUI/Pods-NetworkingSwiftUI-frameworks-${CONFIGURATION}-input-files.xcfilelist",
			);
			name = "[CP] Embed Pods Frameworks";
			outputFileListPaths = (
				"${PODS_ROOT}/Target Support Files/Pods-NetworkingSwiftUI/Pods-NetworkingSwiftUI-frameworks-${CONFIGURATION}-output-files.xcfilelist",
			);
			runOnlyForDeploymentPostprocessing = 0;
			shellPath = /bin/sh;
			shellScript = "\"${PODS_ROOT}/Target Support Files/Pods-NetworkingSwiftUI/Pods-NetworkingSwiftUI-frameworks.sh\"\n";
			showEnvVarsInLog = 0;
		};
		4C342AFD24B95ABF3EA907B1 /* [CP] Check Pods Manifest.lock */ = {
			isa = PBXShellScriptBuildPhase;
			buildActionMask = 2147483647;
			files = (
			);
			inputFileListPaths = (
			);
			inputPaths = (
				"${PODS_PODFILE_DIR_PATH}/Podfile.lock",
				"${PODS_ROOT}/Manifest.lock",
			);
			name = "[CP] Check Pods Manifest.lock";
			outputFileListPaths = (
			);
			outputPaths = (
				"$(DERIVED_FILE_DIR)/Pods-NetworkingSwiftUI-checkManifestLockResult.txt",
			);
			runOnlyForDeploymentPostprocessing = 0;
			shellPath = /bin/sh;
			shellScript = "diff \"${PODS_PODFILE_DIR_PATH}/Podfile.lock\" \"${PODS_ROOT}/Manifest.lock\" > /dev/null\nif [ $? != 0 ] ; then\n    # print error to STDERR\n    echo \"error: The sandbox is not in sync with the Podfile.lock. Run 'pod install' or update your CocoaPods installation.\" >&2\n    exit 1\nfi\n# This output is used by Xcode 'outputs' to avoid re-running this script phase.\necho \"SUCCESS\" > \"${SCRIPT_OUTPUT_FILE_0}\"\n";
			showEnvVarsInLog = 0;
		};
/* End PBXShellScriptBuildPhase section */

/* Begin PBXSourcesBuildPhase section */
		18A1A223272968D300E19706 /* Sources */ = {
			isa = PBXSourcesBuildPhase;
			buildActionMask = 2147483647;
			files = (
				1852925727D5BEFB0046D5EF /* ApiError.swift in Sources */,
				1852924D27D5BA8C0046D5EF /* HomeService.swift in Sources */,
				18AEBFAE27CF60DC00180502 /* UserRating.swift in Sources */,
				18AEBFA827CF51A500180502 /* ReviewService.swift in Sources */,
				18AEBFA327CF474B00180502 /* Header.swift in Sources */,
				1852925227D5BB950046D5EF /* HomeLayout.swift in Sources */,
				18AEBFBB27CF7F9C00180502 /* MainScreen.swift in Sources */,
				18AEBFAB27CF521300180502 /* RatingDetail.swift in Sources */,
				18A1A256272969C700E19706 /* ApiService.swift in Sources */,
				18AEBF9727CF227900180502 /* ApiResponse.swift in Sources */,
				18AEBF9B27CF273800180502 /* ReviewRequest.swift in Sources */,
				18A1A259272969D000E19706 /* BaseUrl.swift in Sources */,
				18AEBF9027CF1EA400180502 /* ApiRequest.swift in Sources */,
				18AEBFBE27CF835800180502 /* ViewModel.swift in Sources */,
				18A1A22B272968D300E19706 /* NetworkingSwiftUIApp.swift in Sources */,
				1852924A27D5BA7F0046D5EF /* HomeRequest.swift in Sources */,
			);
			runOnlyForDeploymentPostprocessing = 0;
		};
/* End PBXSourcesBuildPhase section */

/* Begin XCBuildConfiguration section */
		18A1A234272968D600E19706 /* Debug */ = {
			isa = XCBuildConfiguration;
			buildSettings = {
				ALWAYS_SEARCH_USER_PATHS = NO;
				CLANG_ANALYZER_NONNULL = YES;
				CLANG_ANALYZER_NUMBER_OBJECT_CONVERSION = YES_AGGRESSIVE;
				CLANG_CXX_LANGUAGE_STANDARD = "gnu++14";
				CLANG_CXX_LIBRARY = "libc++";
				CLANG_ENABLE_MODULES = YES;
				CLANG_ENABLE_OBJC_ARC = YES;
				CLANG_ENABLE_OBJC_WEAK = YES;
				CLANG_WARN_BLOCK_CAPTURE_AUTORELEASING = YES;
				CLANG_WARN_BOOL_CONVERSION = YES;
				CLANG_WARN_COMMA = YES;
				CLANG_WARN_CONSTANT_CONVERSION = YES;
				CLANG_WARN_DEPRECATED_OBJC_IMPLEMENTATIONS = YES;
				CLANG_WARN_DIRECT_OBJC_ISA_USAGE = YES_ERROR;
				CLANG_WARN_DOCUMENTATION_COMMENTS = YES;
				CLANG_WARN_EMPTY_BODY = YES;
				CLANG_WARN_ENUM_CONVERSION = YES;
				CLANG_WARN_INFINITE_RECURSION = YES;
				CLANG_WARN_INT_CONVERSION = YES;
				CLANG_WARN_NON_LITERAL_NULL_CONVERSION = YES;
				CLANG_WARN_OBJC_IMPLICIT_RETAIN_SELF = YES;
				CLANG_WARN_OBJC_LITERAL_CONVERSION = YES;
				CLANG_WARN_OBJC_ROOT_CLASS = YES_ERROR;
				CLANG_WARN_QUOTED_INCLUDE_IN_FRAMEWORK_HEADER = YES;
				CLANG_WARN_RANGE_LOOP_ANALYSIS = YES;
				CLANG_WARN_STRICT_PROTOTYPES = YES;
				CLANG_WARN_SUSPICIOUS_MOVE = YES;
				CLANG_WARN_UNGUARDED_AVAILABILITY = YES_AGGRESSIVE;
				CLANG_WARN_UNREACHABLE_CODE = YES;
				CLANG_WARN__DUPLICATE_METHOD_MATCH = YES;
				COPY_PHASE_STRIP = NO;
				DEBUG_INFORMATION_FORMAT = dwarf;
				ENABLE_STRICT_OBJC_MSGSEND = YES;
				ENABLE_TESTABILITY = YES;
				GCC_C_LANGUAGE_STANDARD = gnu11;
				GCC_DYNAMIC_NO_PIC = NO;
				GCC_NO_COMMON_BLOCKS = YES;
				GCC_OPTIMIZATION_LEVEL = 0;
				GCC_PREPROCESSOR_DEFINITIONS = (
					"DEBUG=1",
					"$(inherited)",
				);
				GCC_WARN_64_TO_32_BIT_CONVERSION = YES;
				GCC_WARN_ABOUT_RETURN_TYPE = YES_ERROR;
				GCC_WARN_UNDECLARED_SELECTOR = YES;
				GCC_WARN_UNINITIALIZED_AUTOS = YES_AGGRESSIVE;
				GCC_WARN_UNUSED_FUNCTION = YES;
				GCC_WARN_UNUSED_VARIABLE = YES;
				IPHONEOS_DEPLOYMENT_TARGET = 14.4;
				MTL_ENABLE_DEBUG_INFO = INCLUDE_SOURCE;
				MTL_FAST_MATH = YES;
				ONLY_ACTIVE_ARCH = YES;
				SDKROOT = iphoneos;
				SWIFT_ACTIVE_COMPILATION_CONDITIONS = DEBUG;
				SWIFT_OPTIMIZATION_LEVEL = "-Onone";
			};
			name = Debug;
		};
		18A1A235272968D600E19706 /* Release */ = {
			isa = XCBuildConfiguration;
			buildSettings = {
				ALWAYS_SEARCH_USER_PATHS = NO;
				CLANG_ANALYZER_NONNULL = YES;
				CLANG_ANALYZER_NUMBER_OBJECT_CONVERSION = YES_AGGRESSIVE;
				CLANG_CXX_LANGUAGE_STANDARD = "gnu++14";
				CLANG_CXX_LIBRARY = "libc++";
				CLANG_ENABLE_MODULES = YES;
				CLANG_ENABLE_OBJC_ARC = YES;
				CLANG_ENABLE_OBJC_WEAK = YES;
				CLANG_WARN_BLOCK_CAPTURE_AUTORELEASING = YES;
				CLANG_WARN_BOOL_CONVERSION = YES;
				CLANG_WARN_COMMA = YES;
				CLANG_WARN_CONSTANT_CONVERSION = YES;
				CLANG_WARN_DEPRECATED_OBJC_IMPLEMENTATIONS = YES;
				CLANG_WARN_DIRECT_OBJC_ISA_USAGE = YES_ERROR;
				CLANG_WARN_DOCUMENTATION_COMMENTS = YES;
				CLANG_WARN_EMPTY_BODY = YES;
				CLANG_WARN_ENUM_CONVERSION = YES;
				CLANG_WARN_INFINITE_RECURSION = YES;
				CLANG_WARN_INT_CONVERSION = YES;
				CLANG_WARN_NON_LITERAL_NULL_CONVERSION = YES;
				CLANG_WARN_OBJC_IMPLICIT_RETAIN_SELF = YES;
				CLANG_WARN_OBJC_LITERAL_CONVERSION = YES;
				CLANG_WARN_OBJC_ROOT_CLASS = YES_ERROR;
				CLANG_WARN_QUOTED_INCLUDE_IN_FRAMEWORK_HEADER = YES;
				CLANG_WARN_RANGE_LOOP_ANALYSIS = YES;
				CLANG_WARN_STRICT_PROTOTYPES = YES;
				CLANG_WARN_SUSPICIOUS_MOVE = YES;
				CLANG_WARN_UNGUARDED_AVAILABILITY = YES_AGGRESSIVE;
				CLANG_WARN_UNREACHABLE_CODE = YES;
				CLANG_WARN__DUPLICATE_METHOD_MATCH = YES;
				COPY_PHASE_STRIP = NO;
				DEBUG_INFORMATION_FORMAT = "dwarf-with-dsym";
				ENABLE_NS_ASSERTIONS = NO;
				ENABLE_STRICT_OBJC_MSGSEND = YES;
				GCC_C_LANGUAGE_STANDARD = gnu11;
				GCC_NO_COMMON_BLOCKS = YES;
				GCC_WARN_64_TO_32_BIT_CONVERSION = YES;
				GCC_WARN_ABOUT_RETURN_TYPE = YES_ERROR;
				GCC_WARN_UNDECLARED_SELECTOR = YES;
				GCC_WARN_UNINITIALIZED_AUTOS = YES_AGGRESSIVE;
				GCC_WARN_UNUSED_FUNCTION = YES;
				GCC_WARN_UNUSED_VARIABLE = YES;
				IPHONEOS_DEPLOYMENT_TARGET = 14.4;
				MTL_ENABLE_DEBUG_INFO = NO;
				MTL_FAST_MATH = YES;
				SDKROOT = iphoneos;
				SWIFT_COMPILATION_MODE = wholemodule;
				SWIFT_OPTIMIZATION_LEVEL = "-O";
				VALIDATE_PRODUCT = YES;
			};
			name = Release;
		};
		18A1A237272968D600E19706 /* Debug */ = {
			isa = XCBuildConfiguration;
			baseConfigurationReference = 2E686783451F907B11ED0B70 /* Pods-NetworkingSwiftUI.debug.xcconfig */;
			buildSettings = {
				ASSETCATALOG_COMPILER_APPICON_NAME = AppIcon;
				ASSETCATALOG_COMPILER_GLOBAL_ACCENT_COLOR_NAME = AccentColor;
				CODE_SIGN_STYLE = Automatic;
				DEVELOPMENT_ASSET_PATHS = "\"NetworkingSwiftUI/Preview Content\"";
				ENABLE_PREVIEWS = YES;
				INFOPLIST_FILE = NetworkingSwiftUI/Info.plist;
				IPHONEOS_DEPLOYMENT_TARGET = 14.0;
				LD_RUNPATH_SEARCH_PATHS = (
					"$(inherited)",
					"@executable_path/Frameworks",
				);
				PRODUCT_BUNDLE_IDENTIFIER = com.test.NetworkingSwiftUI;
				PRODUCT_NAME = "$(TARGET_NAME)";
				SWIFT_VERSION = 5.0;
				TARGETED_DEVICE_FAMILY = "1,2";
			};
			name = Debug;
		};
		18A1A238272968D600E19706 /* Release */ = {
			isa = XCBuildConfiguration;
			baseConfigurationReference = FFF13E10076356AFA4B4F33B /* Pods-NetworkingSwiftUI.release.xcconfig */;
			buildSettings = {
				ASSETCATALOG_COMPILER_APPICON_NAME = AppIcon;
				ASSETCATALOG_COMPILER_GLOBAL_ACCENT_COLOR_NAME = AccentColor;
				CODE_SIGN_STYLE = Automatic;
				DEVELOPMENT_ASSET_PATHS = "\"NetworkingSwiftUI/Preview Content\"";
				ENABLE_PREVIEWS = YES;
				INFOPLIST_FILE = NetworkingSwiftUI/Info.plist;
				IPHONEOS_DEPLOYMENT_TARGET = 14.0;
				LD_RUNPATH_SEARCH_PATHS = (
					"$(inherited)",
					"@executable_path/Frameworks",
				);
				PRODUCT_BUNDLE_IDENTIFIER = com.test.NetworkingSwiftUI;
				PRODUCT_NAME = "$(TARGET_NAME)";
				SWIFT_VERSION = 5.0;
				TARGETED_DEVICE_FAMILY = "1,2";
			};
			name = Release;
		};
/* End XCBuildConfiguration section */

/* Begin XCConfigurationList section */
		18A1A222272968D300E19706 /* Build configuration list for PBXProject "NetworkingSwiftUI" */ = {
			isa = XCConfigurationList;
			buildConfigurations = (
				18A1A234272968D600E19706 /* Debug */,
				18A1A235272968D600E19706 /* Release */,
			);
			defaultConfigurationIsVisible = 0;
			defaultConfigurationName = Release;
		};
		18A1A236272968D600E19706 /* Build configuration list for PBXNativeTarget "NetworkingSwiftUI" */ = {
			isa = XCConfigurationList;
			buildConfigurations = (
				18A1A237272968D600E19706 /* Debug */,
				18A1A238272968D600E19706 /* Release */,
			);
			defaultConfigurationIsVisible = 0;
			defaultConfigurationName = Release;
		};
/* End XCConfigurationList section */
	};
	rootObject = 18A1A21F272968D300E19706 /* Project object */;
}
